// !$*UTF8*$!
{
	archiveVersion = 1;
	classes = {
	};
	objectVersion = 56;
	objects = {

/* Begin PBXBuildFile section */
		78A104CA2C0B391B0056B6E9 /* App596App.swift in Sources */ = {isa = PBXBuildFile; fileRef = 78A104C92C0B391B0056B6E9 /* App596App.swift */; };
		78A104CC2C0B391B0056B6E9 /* ContentView.swift in Sources */ = {isa = PBXBuildFile; fileRef = 78A104CB2C0B391B0056B6E9 /* ContentView.swift */; };
		78A104CE2C0B391C0056B6E9 /* Assets.xcassets in Resources */ = {isa = PBXBuildFile; fileRef = 78A104CD2C0B391C0056B6E9 /* Assets.xcassets */; };
		78A104D22C0B391C0056B6E9 /* Preview Assets.xcassets in Resources */ = {isa = PBXBuildFile; fileRef = 78A104D12C0B391C0056B6E9 /* Preview Assets.xcassets */; };
		78A104E22C0B39900056B6E9 /* Launch Screen.storyboard in Resources */ = {isa = PBXBuildFile; fileRef = 78A104E12C0B39900056B6E9 /* Launch Screen.storyboard */; };
		78A104E42C0B399B0056B6E9 /* LodingView.swift in Sources */ = {isa = PBXBuildFile; fileRef = 78A104E32C0B399B0056B6E9 /* LodingView.swift */; };
		78A104E62C0B39A40056B6E9 /* U1.swift in Sources */ = {isa = PBXBuildFile; fileRef = 78A104E52C0B39A40056B6E9 /* U1.swift */; };
		78A104E82C0B39D20056B6E9 /* Reviews.swift in Sources */ = {isa = PBXBuildFile; fileRef = 78A104E72C0B39D20056B6E9 /* Reviews.swift */; };
		78A104EA2C0B39E50056B6E9 /* Not.swift in Sources */ = {isa = PBXBuildFile; fileRef = 78A104E92C0B39E50056B6E9 /* Not.swift */; };
		78A104EC2C0B39EC0056B6E9 /* R1.swift in Sources */ = {isa = PBXBuildFile; fileRef = 78A104EB2C0B39EC0056B6E9 /* R1.swift */; };
		78A104EE2C0B39F50056B6E9 /* R2.swift in Sources */ = {isa = PBXBuildFile; fileRef = 78A104ED2C0B39F50056B6E9 /* R2.swift */; };
		78A104F02C0B39FB0056B6E9 /* TabBar.swift in Sources */ = {isa = PBXBuildFile; fileRef = 78A104EF2C0B39FB0056B6E9 /* TabBar.swift */; };
		78A104F22C0B3A040056B6E9 /* CoreDataStack.swift in Sources */ = {isa = PBXBuildFile; fileRef = 78A104F12C0B3A040056B6E9 /* CoreDataStack.swift */; };
		78A104F42C0B3A100056B6E9 /* Array.swift in Sources */ = {isa = PBXBuildFile; fileRef = 78A104F32C0B3A100056B6E9 /* Array.swift */; };
		78A104FC2C0B3A450056B6E9 /* ResultsView.swift in Sources */ = {isa = PBXBuildFile; fileRef = 78A104FB2C0B3A450056B6E9 /* ResultsView.swift */; };
		78A104FE2C0B3A4E0056B6E9 /* CompetitionsView.swift in Sources */ = {isa = PBXBuildFile; fileRef = 78A104FD2C0B3A4E0056B6E9 /* CompetitionsView.swift */; };
		78A105002C0B3A550056B6E9 /* SettingsView.swift in Sources */ = {isa = PBXBuildFile; fileRef = 78A104FF2C0B3A550056B6E9 /* SettingsView.swift */; };
		78A105032C0B43230056B6E9 /* ResultsViewModel.swift in Sources */ = {isa = PBXBuildFile; fileRef = 78A105022C0B43230056B6E9 /* ResultsViewModel.swift */; };
		78A105062C0C86E80056B6E9 /* AddHistory.swift in Sources */ = {isa = PBXBuildFile; fileRef = 78A105052C0C86E80056B6E9 /* AddHistory.swift */; };
		78A105092C0C99050056B6E9 /* hHisDetail.swift in Sources */ = {isa = PBXBuildFile; fileRef = 78A105082C0C99050056B6E9 /* hHisDetail.swift */; };
		78A1050B2C0CCA790056B6E9 /* CompetitionsViewModel.swift in Sources */ = {isa = PBXBuildFile; fileRef = 78A1050A2C0CCA790056B6E9 /* CompetitionsViewModel.swift */; };
		F9ECA4952C1995050046C972 /* d.swift in Sources */ = {isa = PBXBuildFile; fileRef = F9ECA4942C1995050046C972 /* d.swift */; };
		F9ECA4972C1995090046C972 /* s.swift in Sources */ = {isa = PBXBuildFile; fileRef = F9ECA4962C1995090046C972 /* s.swift */; };
		F9ECA4992C19950C0046C972 /* w.swift in Sources */ = {isa = PBXBuildFile; fileRef = F9ECA4982C19950C0046C972 /* w.swift */; };
		F9ECA49C2C1995180046C972 /* CoreModel.xcdatamodeld in Sources */ = {isa = PBXBuildFile; fileRef = F9ECA49A2C1995180046C972 /* CoreModel.xcdatamodeld */; };
		F9ECA49F2C19953A0046C972 /* ApphudSDK in Frameworks */ = {isa = PBXBuildFile; productRef = F9ECA49E2C19953A0046C972 /* ApphudSDK */; };
		F9ECA4A22C1995430046C972 /* YandexMobileMetrica in Frameworks */ = {isa = PBXBuildFile; productRef = F9ECA4A12C1995430046C972 /* YandexMobileMetrica */; };
		F9ECA4A42C1995430046C972 /* YandexMobileMetricaCrashes in Frameworks */ = {isa = PBXBuildFile; productRef = F9ECA4A32C1995430046C972 /* YandexMobileMetricaCrashes */; };
		F9ECA4AA2C1995BF0046C972 /* FirebaseRemoteConfigSwift in Frameworks */ = {isa = PBXBuildFile; productRef = F9ECA4A92C1995BF0046C972 /* FirebaseRemoteConfigSwift */; };
		F9ECA4AC2C1995D10046C972 /* GoogleService-Info.plist in Resources */ = {isa = PBXBuildFile; fileRef = F9ECA4AB2C1995D10046C972 /* GoogleService-Info.plist */; };
/* End PBXBuildFile section */

/* Begin PBXFileReference section */
		78A104C62C0B391B0056B6E9 /* App596.app */ = {isa = PBXFileReference; explicitFileType = wrapper.application; includeInIndex = 0; path = App596.app; sourceTree = BUILT_PRODUCTS_DIR; };
		78A104C92C0B391B0056B6E9 /* App596App.swift */ = {isa = PBXFileReference; lastKnownFileType = sourcecode.swift; path = App596App.swift; sourceTree = "<group>"; };
		78A104CB2C0B391B0056B6E9 /* ContentView.swift */ = {isa = PBXFileReference; lastKnownFileType = sourcecode.swift; path = ContentView.swift; sourceTree = "<group>"; };
		78A104CD2C0B391C0056B6E9 /* Assets.xcassets */ = {isa = PBXFileReference; lastKnownFileType = folder.assetcatalog; path = Assets.xcassets; sourceTree = "<group>"; };
		78A104CF2C0B391C0056B6E9 /* App596.entitlements */ = {isa = PBXFileReference; lastKnownFileType = text.plist.entitlements; path = App596.entitlements; sourceTree = "<group>"; };
		78A104D12C0B391C0056B6E9 /* Preview Assets.xcassets */ = {isa = PBXFileReference; lastKnownFileType = folder.assetcatalog; path = "Preview Assets.xcassets"; sourceTree = "<group>"; };
		78A104E12C0B39900056B6E9 /* Launch Screen.storyboard */ = {isa = PBXFileReference; lastKnownFileType = file.storyboard; path = "Launch Screen.storyboard"; sourceTree = "<group>"; };
		78A104E32C0B399B0056B6E9 /* LodingView.swift */ = {isa = PBXFileReference; lastKnownFileType = sourcecode.swift; path = LodingView.swift; sourceTree = "<group>"; };
		78A104E52C0B39A40056B6E9 /* U1.swift */ = {isa = PBXFileReference; lastKnownFileType = sourcecode.swift; path = U1.swift; sourceTree = "<group>"; };
		78A104E72C0B39D20056B6E9 /* Reviews.swift */ = {isa = PBXFileReference; lastKnownFileType = sourcecode.swift; path = Reviews.swift; sourceTree = "<group>"; };
		78A104E92C0B39E50056B6E9 /* Not.swift */ = {isa = PBXFileReference; lastKnownFileType = sourcecode.swift; path = Not.swift; sourceTree = "<group>"; };
		78A104EB2C0B39EC0056B6E9 /* R1.swift */ = {isa = PBXFileReference; lastKnownFileType = sourcecode.swift; path = R1.swift; sourceTree = "<group>"; };
		78A104ED2C0B39F50056B6E9 /* R2.swift */ = {isa = PBXFileReference; lastKnownFileType = sourcecode.swift; path = R2.swift; sourceTree = "<group>"; };
		78A104EF2C0B39FB0056B6E9 /* TabBar.swift */ = {isa = PBXFileReference; lastKnownFileType = sourcecode.swift; path = TabBar.swift; sourceTree = "<group>"; };
		78A104F12C0B3A040056B6E9 /* CoreDataStack.swift */ = {isa = PBXFileReference; lastKnownFileType = sourcecode.swift; path = CoreDataStack.swift; sourceTree = "<group>"; };
		78A104F32C0B3A100056B6E9 /* Array.swift */ = {isa = PBXFileReference; lastKnownFileType = sourcecode.swift; path = Array.swift; sourceTree = "<group>"; };
		78A104FB2C0B3A450056B6E9 /* ResultsView.swift */ = {isa = PBXFileReference; lastKnownFileType = sourcecode.swift; path = ResultsView.swift; sourceTree = "<group>"; };
		78A104FD2C0B3A4E0056B6E9 /* CompetitionsView.swift */ = {isa = PBXFileReference; lastKnownFileType = sourcecode.swift; path = CompetitionsView.swift; sourceTree = "<group>"; };
		78A104FF2C0B3A550056B6E9 /* SettingsView.swift */ = {isa = PBXFileReference; lastKnownFileType = sourcecode.swift; path = SettingsView.swift; sourceTree = "<group>"; };
		78A105022C0B43230056B6E9 /* ResultsViewModel.swift */ = {isa = PBXFileReference; lastKnownFileType = sourcecode.swift; path = ResultsViewModel.swift; sourceTree = "<group>"; };
		78A105052C0C86E80056B6E9 /* AddHistory.swift */ = {isa = PBXFileReference; lastKnownFileType = sourcecode.swift; path = AddHistory.swift; sourceTree = "<group>"; };
		78A105082C0C99050056B6E9 /* hHisDetail.swift */ = {isa = PBXFileReference; lastKnownFileType = sourcecode.swift; path = hHisDetail.swift; sourceTree = "<group>"; };
		78A1050A2C0CCA790056B6E9 /* CompetitionsViewModel.swift */ = {isa = PBXFileReference; lastKnownFileType = sourcecode.swift; path = CompetitionsViewModel.swift; sourceTree = "<group>"; };
		F9ECA4942C1995050046C972 /* d.swift */ = {isa = PBXFileReference; lastKnownFileType = sourcecode.swift; path = d.swift; sourceTree = "<group>"; };
		F9ECA4962C1995090046C972 /* s.swift */ = {isa = PBXFileReference; lastKnownFileType = sourcecode.swift; path = s.swift; sourceTree = "<group>"; };
		F9ECA4982C19950C0046C972 /* w.swift */ = {isa = PBXFileReference; lastKnownFileType = sourcecode.swift; path = w.swift; sourceTree = "<group>"; };
		F9ECA49B2C1995180046C972 /* CoreModel.xcdatamodel */ = {isa = PBXFileReference; lastKnownFileType = wrapper.xcdatamodel; path = CoreModel.xcdatamodel; sourceTree = "<group>"; };
		F9ECA4AB2C1995D10046C972 /* GoogleService-Info.plist */ = {isa = PBXFileReference; fileEncoding = 4; lastKnownFileType = text.plist.xml; path = "GoogleService-Info.plist"; sourceTree = "<group>"; };
/* End PBXFileReference section */

/* Begin PBXFrameworksBuildPhase section */
		78A104C32C0B391B0056B6E9 /* Frameworks */ = {
			isa = PBXFrameworksBuildPhase;
			buildActionMask = 2147483647;
			files = (
				F9ECA4A42C1995430046C972 /* YandexMobileMetricaCrashes in Frameworks */,
				F9ECA4AA2C1995BF0046C972 /* FirebaseRemoteConfigSwift in Frameworks */,
				F9ECA49F2C19953A0046C972 /* ApphudSDK in Frameworks */,
				F9ECA4A22C1995430046C972 /* YandexMobileMetrica in Frameworks */,
			);
			runOnlyForDeploymentPostprocessing = 0;
		};
/* End PBXFrameworksBuildPhase section */

/* Begin PBXGroup section */
		78A104BD2C0B391B0056B6E9 = {
			isa = PBXGroup;
			children = (
				78A104C82C0B391B0056B6E9 /* App596 */,
				78A104C72C0B391B0056B6E9 /* Products */,
			);
			sourceTree = "<group>";
		};
		78A104C72C0B391B0056B6E9 /* Products */ = {
			isa = PBXGroup;
			children = (
				78A104C62C0B391B0056B6E9 /* App596.app */,
			);
			name = Products;
			sourceTree = "<group>";
		};
		78A104C82C0B391B0056B6E9 /* App596 */ = {
			isa = PBXGroup;
			children = (
				F9ECA4AB2C1995D10046C972 /* GoogleService-Info.plist */,
				78A104D82C0B39560056B6E9 /* Proj */,
				78A104C92C0B391B0056B6E9 /* App596App.swift */,
				78A104CB2C0B391B0056B6E9 /* ContentView.swift */,
				78A104CD2C0B391C0056B6E9 /* Assets.xcassets */,
				78A104CF2C0B391C0056B6E9 /* App596.entitlements */,
				78A104D02C0B391C0056B6E9 /* Preview Content */,
			);
			path = App596;
			sourceTree = "<group>";
		};
		78A104D02C0B391C0056B6E9 /* Preview Content */ = {
			isa = PBXGroup;
			children = (
				78A104D12C0B391C0056B6E9 /* Preview Assets.xcassets */,
			);
			path = "Preview Content";
			sourceTree = "<group>";
		};
		78A104D82C0B39560056B6E9 /* Proj */ = {
			isa = PBXGroup;
			children = (
				78A104E02C0B39800056B6E9 /* Views */,
				78A104DF2C0B397B0056B6E9 /* Extensions */,
				78A104DE2C0B39760056B6E9 /* TabBar */,
				78A104D92C0B395B0056B6E9 /* StartScreens */,
			);
			path = Proj;
			sourceTree = "<group>";
		};
		78A104D92C0B395B0056B6E9 /* StartScreens */ = {
			isa = PBXGroup;
			children = (
				78A104DD2C0B396F0056B6E9 /* Rev */,
				78A104DC2C0B39690056B6E9 /* User */,
				78A104DB2C0B39650056B6E9 /* Loding */,
				78A104DA2C0B39610056B6E9 /* Launch */,
			);
			path = StartScreens;
			sourceTree = "<group>";
		};
		78A104DA2C0B39610056B6E9 /* Launch */ = {
			isa = PBXGroup;
			children = (
				78A104E12C0B39900056B6E9 /* Launch Screen.storyboard */,
			);
			path = Launch;
			sourceTree = "<group>";
		};
		78A104DB2C0B39650056B6E9 /* Loding */ = {
			isa = PBXGroup;
			children = (
				78A104E32C0B399B0056B6E9 /* LodingView.swift */,
			);
			path = Loding;
			sourceTree = "<group>";
		};
		78A104DC2C0B39690056B6E9 /* User */ = {
			isa = PBXGroup;
			children = (
				78A104E52C0B39A40056B6E9 /* U1.swift */,
				78A104E72C0B39D20056B6E9 /* Reviews.swift */,
				78A104E92C0B39E50056B6E9 /* Not.swift */,
			);
			path = User;
			sourceTree = "<group>";
		};
		78A104DD2C0B396F0056B6E9 /* Rev */ = {
			isa = PBXGroup;
			children = (
				78A104EB2C0B39EC0056B6E9 /* R1.swift */,
				78A104ED2C0B39F50056B6E9 /* R2.swift */,
			);
			path = Rev;
			sourceTree = "<group>";
		};
		78A104DE2C0B39760056B6E9 /* TabBar */ = {
			isa = PBXGroup;
			children = (
				78A104EF2C0B39FB0056B6E9 /* TabBar.swift */,
			);
			path = TabBar;
			sourceTree = "<group>";
		};
		78A104DF2C0B397B0056B6E9 /* Extensions */ = {
			isa = PBXGroup;
			children = (
				78A104F12C0B3A040056B6E9 /* CoreDataStack.swift */,
				78A104F32C0B3A100056B6E9 /* Array.swift */,
				F9ECA49A2C1995180046C972 /* CoreModel.xcdatamodeld */,
				F9ECA4942C1995050046C972 /* d.swift */,
				F9ECA4962C1995090046C972 /* s.swift */,
				F9ECA4982C19950C0046C972 /* w.swift */,
			);
			path = Extensions;
			sourceTree = "<group>";
		};
		78A104E02C0B39800056B6E9 /* Views */ = {
			isa = PBXGroup;
			children = (
				78A104FA2C0B3A3B0056B6E9 /* Settings */,
				78A104F92C0B3A340056B6E9 /* COmpetitions */,
				78A104F82C0B3A2E0056B6E9 /* Results */,
			);
			path = Views;
			sourceTree = "<group>";
		};
		78A104F82C0B3A2E0056B6E9 /* Results */ = {
			isa = PBXGroup;
			children = (
				78A105072C0C98F40056B6E9 /* hisDetail */,
				78A105042C0C86DD0056B6E9 /* AddHistory */,
				78A104FB2C0B3A450056B6E9 /* ResultsView.swift */,
				78A105022C0B43230056B6E9 /* ResultsViewModel.swift */,
			);
			path = Results;
			sourceTree = "<group>";
		};
		78A104F92C0B3A340056B6E9 /* COmpetitions */ = {
			isa = PBXGroup;
			children = (
				78A104FD2C0B3A4E0056B6E9 /* CompetitionsView.swift */,
				78A1050A2C0CCA790056B6E9 /* CompetitionsViewModel.swift */,
			);
			path = COmpetitions;
			sourceTree = "<group>";
		};
		78A104FA2C0B3A3B0056B6E9 /* Settings */ = {
			isa = PBXGroup;
			children = (
				78A104FF2C0B3A550056B6E9 /* SettingsView.swift */,
			);
			path = Settings;
			sourceTree = "<group>";
		};
		78A105042C0C86DD0056B6E9 /* AddHistory */ = {
			isa = PBXGroup;
			children = (
				78A105052C0C86E80056B6E9 /* AddHistory.swift */,
			);
			path = AddHistory;
			sourceTree = "<group>";
		};
		78A105072C0C98F40056B6E9 /* hisDetail */ = {
			isa = PBXGroup;
			children = (
				78A105082C0C99050056B6E9 /* hHisDetail.swift */,
			);
			path = hisDetail;
			sourceTree = "<group>";
		};
/* End PBXGroup section */

/* Begin PBXNativeTarget section */
		78A104C52C0B391B0056B6E9 /* App596 */ = {
			isa = PBXNativeTarget;
			buildConfigurationList = 78A104D52C0B391C0056B6E9 /* Build configuration list for PBXNativeTarget "App596" */;
			buildPhases = (
				78A104C22C0B391B0056B6E9 /* Sources */,
				78A104C32C0B391B0056B6E9 /* Frameworks */,
				78A104C42C0B391B0056B6E9 /* Resources */,
			);
			buildRules = (
			);
			dependencies = (
			);
			name = App596;
			packageProductDependencies = (
				F9ECA49E2C19953A0046C972 /* ApphudSDK */,
				F9ECA4A12C1995430046C972 /* YandexMobileMetrica */,
				F9ECA4A32C1995430046C972 /* YandexMobileMetricaCrashes */,
				F9ECA4A92C1995BF0046C972 /* FirebaseRemoteConfigSwift */,
			);
			productName = App596;
			productReference = 78A104C62C0B391B0056B6E9 /* App596.app */;
			productType = "com.apple.product-type.application";
		};
/* End PBXNativeTarget section */

/* Begin PBXProject section */
		78A104BE2C0B391B0056B6E9 /* Project object */ = {
			isa = PBXProject;
			attributes = {
				BuildIndependentTargetsInParallel = 1;
				LastSwiftUpdateCheck = 1540;
				LastUpgradeCheck = 1540;
				TargetAttributes = {
					78A104C52C0B391B0056B6E9 = {
						CreatedOnToolsVersion = 15.4;
					};
				};
			};
			buildConfigurationList = 78A104C12C0B391B0056B6E9 /* Build configuration list for PBXProject "App596" */;
			compatibilityVersion = "Xcode 14.0";
			developmentRegion = en;
			hasScannedForEncodings = 0;
			knownRegions = (
				en,
				Base,
			);
			mainGroup = 78A104BD2C0B391B0056B6E9;
			packageReferences = (
				F9ECA49D2C19953A0046C972 /* XCRemoteSwiftPackageReference "ApphudSDK" */,
				F9ECA4A02C1995430046C972 /* XCRemoteSwiftPackageReference "metrica-sdk-ios" */,
				F9ECA4A82C1995BF0046C972 /* XCRemoteSwiftPackageReference "firebase-ios-sdk" */,
			);
			productRefGroup = 78A104C72C0B391B0056B6E9 /* Products */;
			projectDirPath = "";
			projectRoot = "";
			targets = (
				78A104C52C0B391B0056B6E9 /* App596 */,
			);
		};
/* End PBXProject section */

/* Begin PBXResourcesBuildPhase section */
		78A104C42C0B391B0056B6E9 /* Resources */ = {
			isa = PBXResourcesBuildPhase;
			buildActionMask = 2147483647;
			files = (
				78A104E22C0B39900056B6E9 /* Launch Screen.storyboard in Resources */,
				F9ECA4AC2C1995D10046C972 /* GoogleService-Info.plist in Resources */,
				78A104D22C0B391C0056B6E9 /* Preview Assets.xcassets in Resources */,
				78A104CE2C0B391C0056B6E9 /* Assets.xcassets in Resources */,
			);
			runOnlyForDeploymentPostprocessing = 0;
		};
/* End PBXResourcesBuildPhase section */

/* Begin PBXSourcesBuildPhase section */
		78A104C22C0B391B0056B6E9 /* Sources */ = {
			isa = PBXSourcesBuildPhase;
			buildActionMask = 2147483647;
			files = (
				78A105062C0C86E80056B6E9 /* AddHistory.swift in Sources */,
				78A105002C0B3A550056B6E9 /* SettingsView.swift in Sources */,
				78A105092C0C99050056B6E9 /* hHisDetail.swift in Sources */,
				78A104F02C0B39FB0056B6E9 /* TabBar.swift in Sources */,
				78A104EC2C0B39EC0056B6E9 /* R1.swift in Sources */,
				78A104FE2C0B3A4E0056B6E9 /* CompetitionsView.swift in Sources */,
				F9ECA4952C1995050046C972 /* d.swift in Sources */,
				78A104FC2C0B3A450056B6E9 /* ResultsView.swift in Sources */,
				78A104CC2C0B391B0056B6E9 /* ContentView.swift in Sources */,
				F9ECA4972C1995090046C972 /* s.swift in Sources */,
				78A104EA2C0B39E50056B6E9 /* Not.swift in Sources */,
				78A104E82C0B39D20056B6E9 /* Reviews.swift in Sources */,
				78A104F22C0B3A040056B6E9 /* CoreDataStack.swift in Sources */,
				78A104F42C0B3A100056B6E9 /* Array.swift in Sources */,
				78A104E62C0B39A40056B6E9 /* U1.swift in Sources */,
				78A104E42C0B399B0056B6E9 /* LodingView.swift in Sources */,
				F9ECA4992C19950C0046C972 /* w.swift in Sources */,
				F9ECA49C2C1995180046C972 /* CoreModel.xcdatamodeld in Sources */,
				78A1050B2C0CCA790056B6E9 /* CompetitionsViewModel.swift in Sources */,
				78A104CA2C0B391B0056B6E9 /* App596App.swift in Sources */,
				78A104EE2C0B39F50056B6E9 /* R2.swift in Sources */,
				78A105032C0B43230056B6E9 /* ResultsViewModel.swift in Sources */,
			);
			runOnlyForDeploymentPostprocessing = 0;
		};
/* End PBXSourcesBuildPhase section */

/* Begin XCBuildConfiguration section */
		78A104D32C0B391C0056B6E9 /* Debug */ = {
			isa = XCBuildConfiguration;
			buildSettings = {
				ALWAYS_SEARCH_USER_PATHS = NO;
				ASSETCATALOG_COMPILER_GENERATE_SWIFT_ASSET_SYMBOL_EXTENSIONS = YES;
				CLANG_ANALYZER_NONNULL = YES;
				CLANG_ANALYZER_NUMBER_OBJECT_CONVERSION = YES_AGGRESSIVE;
				CLANG_CXX_LANGUAGE_STANDARD = "gnu++20";
				CLANG_ENABLE_MODULES = YES;
				CLANG_ENABLE_OBJC_ARC = YES;
				CLANG_ENABLE_OBJC_WEAK = YES;
				CLANG_WARN_BLOCK_CAPTURE_AUTORELEASING = YES;
				CLANG_WARN_BOOL_CONVERSION = YES;
				CLANG_WARN_COMMA = YES;
				CLANG_WARN_CONSTANT_CONVERSION = YES;
				CLANG_WARN_DEPRECATED_OBJC_IMPLEMENTATIONS = YES;
				CLANG_WARN_DIRECT_OBJC_ISA_USAGE = YES_ERROR;
				CLANG_WARN_DOCUMENTATION_COMMENTS = YES;
				CLANG_WARN_EMPTY_BODY = YES;
				CLANG_WARN_ENUM_CONVERSION = YES;
				CLANG_WARN_INFINITE_RECURSION = YES;
				CLANG_WARN_INT_CONVERSION = YES;
				CLANG_WARN_NON_LITERAL_NULL_CONVERSION = YES;
				CLANG_WARN_OBJC_IMPLICIT_RETAIN_SELF = YES;
				CLANG_WARN_OBJC_LITERAL_CONVERSION = YES;
				CLANG_WARN_OBJC_ROOT_CLASS = YES_ERROR;
				CLANG_WARN_QUOTED_INCLUDE_IN_FRAMEWORK_HEADER = YES;
				CLANG_WARN_RANGE_LOOP_ANALYSIS = YES;
				CLANG_WARN_STRICT_PROTOTYPES = YES;
				CLANG_WARN_SUSPICIOUS_MOVE = YES;
				CLANG_WARN_UNGUARDED_AVAILABILITY = YES_AGGRESSIVE;
				CLANG_WARN_UNREACHABLE_CODE = YES;
				CLANG_WARN__DUPLICATE_METHOD_MATCH = YES;
				COPY_PHASE_STRIP = NO;
				DEBUG_INFORMATION_FORMAT = dwarf;
				ENABLE_STRICT_OBJC_MSGSEND = YES;
				ENABLE_TESTABILITY = YES;
				ENABLE_USER_SCRIPT_SANDBOXING = YES;
				GCC_C_LANGUAGE_STANDARD = gnu17;
				GCC_DYNAMIC_NO_PIC = NO;
				GCC_NO_COMMON_BLOCKS = YES;
				GCC_OPTIMIZATION_LEVEL = 0;
				GCC_PREPROCESSOR_DEFINITIONS = (
					"DEBUG=1",
					"$(inherited)",
				);
				GCC_WARN_64_TO_32_BIT_CONVERSION = YES;
				GCC_WARN_ABOUT_RETURN_TYPE = YES_ERROR;
				GCC_WARN_UNDECLARED_SELECTOR = YES;
				GCC_WARN_UNINITIALIZED_AUTOS = YES_AGGRESSIVE;
				GCC_WARN_UNUSED_FUNCTION = YES;
				GCC_WARN_UNUSED_VARIABLE = YES;
				LOCALIZATION_PREFERS_STRING_CATALOGS = YES;
				MTL_ENABLE_DEBUG_INFO = INCLUDE_SOURCE;
				MTL_FAST_MATH = YES;
				ONLY_ACTIVE_ARCH = YES;
				SWIFT_ACTIVE_COMPILATION_CONDITIONS = "DEBUG $(inherited)";
				SWIFT_OPTIMIZATION_LEVEL = "-Onone";
			};
			name = Debug;
		};
		78A104D42C0B391C0056B6E9 /* Release */ = {
			isa = XCBuildConfiguration;
			buildSettings = {
				ALWAYS_SEARCH_USER_PATHS = NO;
				ASSETCATALOG_COMPILER_GENERATE_SWIFT_ASSET_SYMBOL_EXTENSIONS = YES;
				CLANG_ANALYZER_NONNULL = YES;
				CLANG_ANALYZER_NUMBER_OBJECT_CONVERSION = YES_AGGRESSIVE;
				CLANG_CXX_LANGUAGE_STANDARD = "gnu++20";
				CLANG_ENABLE_MODULES = YES;
				CLANG_ENABLE_OBJC_ARC = YES;
				CLANG_ENABLE_OBJC_WEAK = YES;
				CLANG_WARN_BLOCK_CAPTURE_AUTORELEASING = YES;
				CLANG_WARN_BOOL_CONVERSION = YES;
				CLANG_WARN_COMMA = YES;
				CLANG_WARN_CONSTANT_CONVERSION = YES;
				CLANG_WARN_DEPRECATED_OBJC_IMPLEMENTATIONS = YES;
				CLANG_WARN_DIRECT_OBJC_ISA_USAGE = YES_ERROR;
				CLANG_WARN_DOCUMENTATION_COMMENTS = YES;
				CLANG_WARN_EMPTY_BODY = YES;
				CLANG_WARN_ENUM_CONVERSION = YES;
				CLANG_WARN_INFINITE_RECURSION = YES;
				CLANG_WARN_INT_CONVERSION = YES;
				CLANG_WARN_NON_LITERAL_NULL_CONVERSION = YES;
				CLANG_WARN_OBJC_IMPLICIT_RETAIN_SELF = YES;
				CLANG_WARN_OBJC_LITERAL_CONVERSION = YES;
				CLANG_WARN_OBJC_ROOT_CLASS = YES_ERROR;
				CLANG_WARN_QUOTED_INCLUDE_IN_FRAMEWORK_HEADER = YES;
				CLANG_WARN_RANGE_LOOP_ANALYSIS = YES;
				CLANG_WARN_STRICT_PROTOTYPES = YES;
				CLANG_WARN_SUSPICIOUS_MOVE = YES;
				CLANG_WARN_UNGUARDED_AVAILABILITY = YES_AGGRESSIVE;
				CLANG_WARN_UNREACHABLE_CODE = YES;
				CLANG_WARN__DUPLICATE_METHOD_MATCH = YES;
				COPY_PHASE_STRIP = NO;
				DEBUG_INFORMATION_FORMAT = "dwarf-with-dsym";
				ENABLE_NS_ASSERTIONS = NO;
				ENABLE_STRICT_OBJC_MSGSEND = YES;
				ENABLE_USER_SCRIPT_SANDBOXING = YES;
				GCC_C_LANGUAGE_STANDARD = gnu17;
				GCC_NO_COMMON_BLOCKS = YES;
				GCC_WARN_64_TO_32_BIT_CONVERSION = YES;
				GCC_WARN_ABOUT_RETURN_TYPE = YES_ERROR;
				GCC_WARN_UNDECLARED_SELECTOR = YES;
				GCC_WARN_UNINITIALIZED_AUTOS = YES_AGGRESSIVE;
				GCC_WARN_UNUSED_FUNCTION = YES;
				GCC_WARN_UNUSED_VARIABLE = YES;
				LOCALIZATION_PREFERS_STRING_CATALOGS = YES;
				MTL_ENABLE_DEBUG_INFO = NO;
				MTL_FAST_MATH = YES;
				SWIFT_COMPILATION_MODE = wholemodule;
			};
			name = Release;
		};
		78A104D62C0B391C0056B6E9 /* Debug */ = {
			isa = XCBuildConfiguration;
			buildSettings = {
				ASSETCATALOG_COMPILER_APPICON_NAME = AppIcon;
				ASSETCATALOG_COMPILER_GLOBAL_ACCENT_COLOR_NAME = AccentColor;
				CODE_SIGN_ENTITLEMENTS = App596/App596.entitlements;
				CODE_SIGN_STYLE = Automatic;
				CURRENT_PROJECT_VERSION = 2;
				DEVELOPMENT_ASSET_PATHS = "\"App596/Preview Content\"";
				ENABLE_PREVIEWS = YES;
				GENERATE_INFOPLIST_FILE = YES;
				INFOPLIST_KEY_CFBundleDisplayName = "PariMatch: Sports news";
				"INFOPLIST_KEY_UIApplicationSceneManifest_Generation[sdk=iphoneos*]" = YES;
				"INFOPLIST_KEY_UIApplicationSceneManifest_Generation[sdk=iphonesimulator*]" = YES;
				"INFOPLIST_KEY_UIApplicationSupportsIndirectInputEvents[sdk=iphoneos*]" = YES;
				"INFOPLIST_KEY_UIApplicationSupportsIndirectInputEvents[sdk=iphonesimulator*]" = YES;
				"INFOPLIST_KEY_UILaunchScreen_Generation[sdk=iphoneos*]" = YES;
				"INFOPLIST_KEY_UILaunchScreen_Generation[sdk=iphonesimulator*]" = YES;
				INFOPLIST_KEY_UILaunchStoryboardName = "Launch Screen.storyboard";
				"INFOPLIST_KEY_UIStatusBarStyle[sdk=iphoneos*]" = UIStatusBarStyleDefault;
				"INFOPLIST_KEY_UIStatusBarStyle[sdk=iphonesimulator*]" = UIStatusBarStyleDefault;
				INFOPLIST_KEY_UISupportedInterfaceOrientations = UIInterfaceOrientationPortrait;
				INFOPLIST_KEY_UISupportedInterfaceOrientations_iPad = "UIInterfaceOrientationLandscapeLeft UIInterfaceOrientationLandscapeRight UIInterfaceOrientationPortrait UIInterfaceOrientationPortraitUpsideDown";
				IPHONEOS_DEPLOYMENT_TARGET = 14.0;
				LD_RUNPATH_SEARCH_PATHS = "@executable_path/Frameworks";
				"LD_RUNPATH_SEARCH_PATHS[sdk=macosx*]" = "@executable_path/../Frameworks";
				MACOSX_DEPLOYMENT_TARGET = 14.1;
				MARKETING_VERSION = 1.1;
				PRODUCT_BUNDLE_IDENTIFIER = IOI.App596;
				PRODUCT_NAME = "$(TARGET_NAME)";
				SDKROOT = auto;
				SUPPORTED_PLATFORMS = "iphoneos iphonesimulator";
				SUPPORTS_MACCATALYST = NO;
				SWIFT_EMIT_LOC_STRINGS = YES;
				SWIFT_VERSION = 5.0;
				TARGETED_DEVICE_FAMILY = 1;
			};
			name = Debug;
		};
		78A104D72C0B391C0056B6E9 /* Release */ = {
			isa = XCBuildConfiguration;
			buildSettings = {
				ASSETCATALOG_COMPILER_APPICON_NAME = AppIcon;
				ASSETCATALOG_COMPILER_GLOBAL_ACCENT_COLOR_NAME = AccentColor;
				CODE_SIGN_ENTITLEMENTS = App596/App596.entitlements;
				CODE_SIGN_STYLE = Automatic;
				CURRENT_PROJECT_VERSION = 2;
				DEVELOPMENT_ASSET_PATHS = "\"App596/Preview Content\"";
				ENABLE_PREVIEWS = YES;
				GENERATE_INFOPLIST_FILE = YES;
				INFOPLIST_KEY_CFBundleDisplayName = "PariMatch: Sports news";
				"INFOPLIST_KEY_UIApplicationSceneManifest_Generation[sdk=iphoneos*]" = YES;
				"INFOPLIST_KEY_UIApplicationSceneManifest_Generation[sdk=iphonesimulator*]" = YES;
				"INFOPLIST_KEY_UIApplicationSupportsIndirectInputEvents[sdk=iphoneos*]" = YES;
				"INFOPLIST_KEY_UIApplicationSupportsIndirectInputEvents[sdk=iphonesimulator*]" = YES;
				"INFOPLIST_KEY_UILaunchScreen_Generation[sdk=iphoneos*]" = YES;
				"INFOPLIST_KEY_UILaunchScreen_Generation[sdk=iphonesimulator*]" = YES;
				INFOPLIST_KEY_UILaunchStoryboardName = "Launch Screen.storyboard";
				"INFOPLIST_KEY_UIStatusBarStyle[sdk=iphoneos*]" = UIStatusBarStyleDefault;
				"INFOPLIST_KEY_UIStatusBarStyle[sdk=iphonesimulator*]" = UIStatusBarStyleDefault;
				INFOPLIST_KEY_UISupportedInterfaceOrientations = UIInterfaceOrientationPortrait;
				INFOPLIST_KEY_UISupportedInterfaceOrientations_iPad = "UIInterfaceOrientationLandscapeLeft UIInterfaceOrientationLandscapeRight UIInterfaceOrientationPortrait UIInterfaceOrientationPortraitUpsideDown";
				IPHONEOS_DEPLOYMENT_TARGET = 14.0;
				LD_RUNPATH_SEARCH_PATHS = "@executable_path/Frameworks";
				"LD_RUNPATH_SEARCH_PATHS[sdk=macosx*]" = "@executable_path/../Frameworks";
				MACOSX_DEPLOYMENT_TARGET = 14.1;
				MARKETING_VERSION = 1.1;
				PRODUCT_BUNDLE_IDENTIFIER = IOI.App596;
				PRODUCT_NAME = "$(TARGET_NAME)";
				SDKROOT = auto;
				SUPPORTED_PLATFORMS = "iphoneos iphonesimulator";
				SUPPORTS_MACCATALYST = NO;
				SWIFT_EMIT_LOC_STRINGS = YES;
				SWIFT_VERSION = 5.0;
				TARGETED_DEVICE_FAMILY = 1;
			};
			name = Release;
		};
/* End XCBuildConfiguration section */

/* Begin XCConfigurationList section */
		78A104C12C0B391B0056B6E9 /* Build configuration list for PBXProject "App596" */ = {
			isa = XCConfigurationList;
			buildConfigurations = (
				78A104D32C0B391C0056B6E9 /* Debug */,
				78A104D42C0B391C0056B6E9 /* Release */,
			);
			defaultConfigurationIsVisible = 0;
			defaultConfigurationName = Release;
		};
		78A104D52C0B391C0056B6E9 /* Build configuration list for PBXNativeTarget "App596" */ = {
			isa = XCConfigurationList;
			buildConfigurations = (
				78A104D62C0B391C0056B6E9 /* Debug */,
				78A104D72C0B391C0056B6E9 /* Release */,
			);
			defaultConfigurationIsVisible = 0;
			defaultConfigurationName = Release;
		};
/* End XCConfigurationList section */

/* Begin XCRemoteSwiftPackageReference section */
		F9ECA49D2C19953A0046C972 /* XCRemoteSwiftPackageReference "ApphudSDK" */ = {
			isa = XCRemoteSwiftPackageReference;
			repositoryURL = "https://github.com/apphud/ApphudSDK";
			requirement = {
				kind = upToNextMajorVersion;
				minimumVersion = 3.3.8;
			};
		};
		F9ECA4A02C1995430046C972 /* XCRemoteSwiftPackageReference "metrica-sdk-ios" */ = {
			isa = XCRemoteSwiftPackageReference;
			repositoryURL = "https://github.com/yandexmobile/metrica-sdk-ios";
			requirement = {
				kind = upToNextMajorVersion;
				minimumVersion = 4.5.2;
			};
		};
		F9ECA4A82C1995BF0046C972 /* XCRemoteSwiftPackageReference "firebase-ios-sdk" */ = {
			isa = XCRemoteSwiftPackageReference;
			repositoryURL = "https://github.com/firebase/firebase-ios-sdk.git";
			requirement = {
				kind = upToNextMajorVersion;
				minimumVersion = 10.27.0;
			};
		};
/* End XCRemoteSwiftPackageReference section */

/* Begin XCSwiftPackageProductDependency section */
		F9ECA49E2C19953A0046C972 /* ApphudSDK */ = {
			isa = XCSwiftPackageProductDependency;
			package = F9ECA49D2C19953A0046C972 /* XCRemoteSwiftPackageReference "ApphudSDK" */;
			productName = ApphudSDK;
		};
		F9ECA4A12C1995430046C972 /* YandexMobileMetrica */ = {
			isa = XCSwiftPackageProductDependency;
			package = F9ECA4A02C1995430046C972 /* XCRemoteSwiftPackageReference "metrica-sdk-ios" */;
			productName = YandexMobileMetrica;
		};
		F9ECA4A32C1995430046C972 /* YandexMobileMetricaCrashes */ = {
			isa = XCSwiftPackageProductDependency;
			package = F9ECA4A02C1995430046C972 /* XCRemoteSwiftPackageReference "metrica-sdk-ios" */;
			productName = YandexMobileMetricaCrashes;
		};
		F9ECA4A92C1995BF0046C972 /* FirebaseRemoteConfigSwift */ = {
			isa = XCSwiftPackageProductDependency;
			package = F9ECA4A82C1995BF0046C972 /* XCRemoteSwiftPackageReference "firebase-ios-sdk" */;
			productName = FirebaseRemoteConfigSwift;
		};
/* End XCSwiftPackageProductDependency section */

/* Begin XCVersionGroup section */
		F9ECA49A2C1995180046C972 /* CoreModel.xcdatamodeld */ = {
			isa = XCVersionGroup;
			children = (
				F9ECA49B2C1995180046C972 /* CoreModel.xcdatamodel */,
			);
			currentVersion = F9ECA49B2C1995180046C972 /* CoreModel.xcdatamodel */;
			name = CoreModel.xcdatamodeld;
			path = /Users/slava/Desktop/App596/App596/Proj/Extensions/CoreModel.xcdatamodeld;
			sourceTree = "<group>";
			versionGroupType = wrapper.xcdatamodel;
		};
/* End XCVersionGroup section */
	};
	rootObject = 78A104BE2C0B391B0056B6E9 /* Project object */;
}
